{
  "name": "benchmarks-ab-demo",
  "version": "0.1.0",
  "lockfileVersion": 3,
  "requires": true,
  "packages": {
    "": {
      "name": "benchmarks-ab-demo",
      "version": "0.1.0",
      "license": "MIT",
      "dependencies": {
        "vertex-palace": "0.1.4"
      },
      "bin": {
        "vertex-palace-benchmark": "bin/benchmark.mjs"
      },
      "engines": {
        "node": ">=20"
      }
    },
    "node_modules/vertex-palace": {
      "version": "0.1.4",
      "resolved": "https://registry.npmjs.org/vertex-palace/-/vertex-palace-0.1.4.tgz",
      "integrity": "sha512-3mHgKAeEa+SKiLQnKp4+8uQPhTcFLKEOElHVHHstQlB1pmzPzvQCHW0jQokyzCe27WU5Z6iyj6MWmh3+dPNS6Q==",
      "license": "MIT",
      "bin": {
        "palace": "dist/palace.cjs",
        "vertex-palace": "dist/palace.cjs",
        "vertex-palace-mcp": "plugins/vertex-palace/mcp/server.cjs",
        "vertex-palace-mcp-stdio": "plugins/vertex-palace/mcp/server.cjs"
      },
      "engines": {
        "node": ">=20"
      }
    }
  }
}
