{
  "name": "benchmarks-ab-demo",
  "version": "0.1.0",
  "lockfileVersion": 3,
  "requires": true,
  "packages": {
    "": {
      "name": "benchmarks-ab-demo",
      "version": "0.1.0",
      "license": "MIT",
      "dependencies": {
        "vertex-palace": "0.3.0"
      },
      "bin": {
        "vertex-palace-benchmark": "bin/benchmark.mjs"
      },
      "engines": {
        "node": ">=20"
      }
    },
    "node_modules/vertex-palace": {
      "version": "0.3.0",
      "resolved": "https://registry.npmjs.org/vertex-palace/-/vertex-palace-0.3.0.tgz",
      "integrity": "sha512-DXALXKH1k/Gj7PoprNDmz/tHlYum2T7QsU32el76mHy/U3u42zY02cshm5P8lwY6yqzkIoZ6h9/6df0QOlJp4Q==",
      "license": "MIT",
      "bin": {
        "palace": "dist/palace.cjs",
        "vertex-palace": "dist/palace.cjs",
        "vertex-palace-mcp": "plugins/vertex-palace/mcp/server.cjs",
        "vertex-palace-mcp-stdio": "plugins/vertex-palace/mcp/server.cjs"
      },
      "engines": {
        "node": ">=20"
      }
    }
  }
}
