{
  "name": "benchmarks-ab-demo",
  "version": "0.1.0",
  "lockfileVersion": 3,
  "requires": true,
  "packages": {
    "": {
      "name": "benchmarks-ab-demo",
      "version": "0.1.0",
      "license": "MIT",
      "dependencies": {
        "vertex-palace": "0.2.0"
      },
      "bin": {
        "vertex-palace-benchmark": "bin/benchmark.mjs"
      },
      "engines": {
        "node": ">=20"
      }
    },
    "node_modules/vertex-palace": {
      "version": "0.2.0",
      "resolved": "https://registry.npmjs.org/vertex-palace/-/vertex-palace-0.2.0.tgz",
      "integrity": "sha512-i8wJ8FBTio9al+XJ9eb5ifnAEn1I1N5cdX4Wua7NG3YfM5iuthZ1lcWn6388oG3QpMoeAOhILApxFxVqd4wvBw==",
      "license": "MIT",
      "bin": {
        "palace": "dist/palace.cjs",
        "vertex-palace": "dist/palace.cjs",
        "vertex-palace-mcp": "plugins/vertex-palace/mcp/server.cjs",
        "vertex-palace-mcp-stdio": "plugins/vertex-palace/mcp/server.cjs"
      },
      "engines": {
        "node": ">=20"
      }
    }
  }
}
